// !$*UTF8*$!
{
	archiveVersion = 1;
	classes = {
	};
	objectVersion = 48;
	objects = {

/* Begin PBXAggregateTarget section */
		1ACF73501FF100D0003FB42A /* KKHttp.framework */ = {
			isa = PBXAggregateTarget;
			buildConfigurationList = 1ACF73511FF100D0003FB42A /* Build configuration list for PBXAggregateTarget "KKHttp.framework" */;
			buildPhases = (
				1ACF73561FF100D8003FB42A /* ShellScript */,
			);
			dependencies = (
				1ACF73551FF100D6003FB42A /* PBXTargetDependency */,
			);
			name = KKHttp.framework;
			productName = KKHttp.framework;
		};
/* End PBXAggregateTarget section */

/* Begin PBXBuildFile section */
		1ACF734D1FF0FFDB003FB42A /* KKHttp.m in Sources */ = {isa = PBXBuildFile; fileRef = 1ACF734B1FF0FFDB003FB42A /* KKHttp.m */; };
		1ACF734F1FF10005003FB42A /* KKHttp.h in Headers */ = {isa = PBXBuildFile; fileRef = 1ACF734E1FF10005003FB42A /* KKHttp.h */; settings = {ATTRIBUTES = (Public, ); }; };
		1ACF74231FF377F8003FB42A /* KKJSHttp.h in Headers */ = {isa = PBXBuildFile; fileRef = 1ACF74211FF377F8003FB42A /* KKJSHttp.h */; settings = {ATTRIBUTES = (Public, ); }; };
		1ACF74241FF377F8003FB42A /* KKJSHttp.m in Sources */ = {isa = PBXBuildFile; fileRef = 1ACF74221FF377F8003FB42A /* KKJSHttp.m */; };
/* End PBXBuildFile section */

/* Begin PBXContainerItemProxy section */
		1ACF73541FF100D6003FB42A /* PBXContainerItemProxy */ = {
			isa = PBXContainerItemProxy;
			containerPortal = 1ACF73361FF0FFBE003FB42A /* Project object */;
			proxyType = 1;
			remoteGlobalIDString = 1ACF733E1FF0FFBE003FB42A;
			remoteInfo = KKHttp;
		};
/* End PBXContainerItemProxy section */

/* Begin PBXFileReference section */
		1ACF733F1FF0FFBE003FB42A /* KKHttp.framework */ = {isa = PBXFileReference; explicitFileType = wrapper.framework; includeInIndex = 0; path = KKHttp.framework; sourceTree = BUILT_PRODUCTS_DIR; };
		1ACF73431FF0FFBE003FB42A /* Info.plist */ = {isa = PBXFileReference; lastKnownFileType = text.plist.xml; path = Info.plist; sourceTree = "<group>"; };
		1ACF734B1FF0FFDB003FB42A /* KKHttp.m */ = {isa = PBXFileReference; fileEncoding = 4; lastKnownFileType = sourcecode.c.objc; path = KKHttp.m; sourceTree = "<group>"; };
		1ACF734E1FF10005003FB42A /* KKHttp.h */ = {isa = PBXFileReference; fileEncoding = 4; lastKnownFileType = sourcecode.c.h; path = KKHttp.h; sourceTree = "<group>"; };
		1ACF74211FF377F8003FB42A /* KKJSHttp.h */ = {isa = PBXFileReference; lastKnownFileType = sourcecode.c.h; path = KKJSHttp.h; sourceTree = "<group>"; };
		1ACF74221FF377F8003FB42A /* KKJSHttp.m */ = {isa = PBXFileReference; lastKnownFileType = sourcecode.c.objc; path = KKJSHttp.m; sourceTree = "<group>"; };
/* End PBXFileReference section */

/* Begin PBXFrameworksBuildPhase section */
		1ACF733B1FF0FFBE003FB42A /* Frameworks */ = {
			isa = PBXFrameworksBuildPhase;
			buildActionMask = 2147483647;
			files = (
			);
			runOnlyForDeploymentPostprocessing = 0;
		};
/* End PBXFrameworksBuildPhase section */

/* Begin PBXGroup section */
		1ACF73351FF0FFBE003FB42A = {
			isa = PBXGroup;
			children = (
				1ACF73411FF0FFBE003FB42A /* KKHttp */,
				1ACF73401FF0FFBE003FB42A /* Products */,
			);
			sourceTree = "<group>";
		};
		1ACF73401FF0FFBE003FB42A /* Products */ = {
			isa = PBXGroup;
			children = (
				1ACF733F1FF0FFBE003FB42A /* KKHttp.framework */,
			);
			name = Products;
			sourceTree = "<group>";
		};
		1ACF73411FF0FFBE003FB42A /* KKHttp */ = {
			isa = PBXGroup;
			children = (
				1ACF734E1FF10005003FB42A /* KKHttp.h */,
				1ACF734B1FF0FFDB003FB42A /* KKHttp.m */,
				1ACF73431FF0FFBE003FB42A /* Info.plist */,
				1ACF74211FF377F8003FB42A /* KKJSHttp.h */,
				1ACF74221FF377F8003FB42A /* KKJSHttp.m */,
			);
			path = KKHttp;
			sourceTree = "<group>";
		};
/* End PBXGroup section */

/* Begin PBXHeadersBuildPhase section */
		1ACF733C1FF0FFBE003FB42A /* Headers */ = {
			isa = PBXHeadersBuildPhase;
			buildActionMask = 2147483647;
			files = (
				1ACF734F1FF10005003FB42A /* KKHttp.h in Headers */,
				1ACF74231FF377F8003FB42A /* KKJSHttp.h in Headers */,
			);
			runOnlyForDeploymentPostprocessing = 0;
		};
/* End PBXHeadersBuildPhase section */

/* Begin PBXNativeTarget section */
		1ACF733E1FF0FFBE003FB42A /* KKHttp */ = {
			isa = PBXNativeTarget;
			buildConfigurationList = 1ACF73471FF0FFBE003FB42A /* Build configuration list for PBXNativeTarget "KKHttp" */;
			buildPhases = (
				1ACF733A1FF0FFBE003FB42A /* Sources */,
				1ACF733B1FF0FFBE003FB42A /* Frameworks */,
				1ACF733C1FF0FFBE003FB42A /* Headers */,
				1ACF733D1FF0FFBE003FB42A /* Resources */,
			);
			buildRules = (
			);
			dependencies = (
			);
			name = KKHttp;
			productName = KKHttp;
			productReference = 1ACF733F1FF0FFBE003FB42A /* KKHttp.framework */;
			productType = "com.apple.product-type.framework";
		};
/* End PBXNativeTarget section */

/* Begin PBXProject section */
		1ACF73361FF0FFBE003FB42A /* Project object */ = {
			isa = PBXProject;
			attributes = {
				LastUpgradeCheck = 0920;
				ORGANIZATIONNAME = kkmofang.cn;
				TargetAttributes = {
					1ACF733E1FF0FFBE003FB42A = {
						CreatedOnToolsVersion = 9.2;
						ProvisioningStyle = Automatic;
					};
					1ACF73501FF100D0003FB42A = {
						CreatedOnToolsVersion = 9.2;
						ProvisioningStyle = Automatic;
					};
				};
			};
			buildConfigurationList = 1ACF73391FF0FFBE003FB42A /* Build configuration list for PBXProject "KKHttp" */;
			compatibilityVersion = "Xcode 8.0";
			developmentRegion = en;
			hasScannedForEncodings = 0;
			knownRegions = (
				en,
			);
			mainGroup = 1ACF73351FF0FFBE003FB42A;
			productRefGroup = 1ACF73401FF0FFBE003FB42A /* Products */;
			projectDirPath = "";
			projectRoot = "";
			targets = (
				1ACF733E1FF0FFBE003FB42A /* KKHttp */,
				1ACF73501FF100D0003FB42A /* KKHttp.framework */,
			);
		};
/* End PBXProject section */

/* Begin PBXResourcesBuildPhase section */
		1ACF733D1FF0FFBE003FB42A /* Resources */ = {
			isa = PBXResourcesBuildPhase;
			buildActionMask = 2147483647;
			files = (
			);
			runOnlyForDeploymentPostprocessing = 0;
		};
/* End PBXResourcesBuildPhase section */

/* Begin PBXShellScriptBuildPhase section */
		1ACF73561FF100D8003FB42A /* ShellScript */ = {
			isa = PBXShellScriptBuildPhase;
			buildActionMask = 2147483647;
			files = (
			);
			inputPaths = (
			);
			outputPaths = (
			);
			runOnlyForDeploymentPostprocessing = 0;
			shellPath = /bin/sh;
			shellScript = "\nFMK_NAME=${PROJECT_NAME}\n\nINSTALL_DIR=${SRCROOT}/../${FMK_NAME}.framework\n\nWRK_DIR=build\n\nDEVICE_DIR=${WRK_DIR}/Release-iphoneos/${FMK_NAME}.framework\n\nSIMULATOR_DIR=${WRK_DIR}/Release-iphonesimulator/${FMK_NAME}.framework\n\nxcodebuild -configuration \"Release\" -target \"${FMK_NAME}\" -sdk iphoneos clean build\n\nxcodebuild -configuration \"Release\" -target \"${FMK_NAME}\" -sdk iphonesimulator clean build\n\nif [ -d \"${INSTALL_DIR}\" ]\n\nthen\n\nrm -rf \"${INSTALL_DIR}\"\n\nfi\n\nmkdir -p \"${INSTALL_DIR}\"\n\ncp -R \"${DEVICE_DIR}/\" \"${INSTALL_DIR}/\"\n\nlipo -create \"${DEVICE_DIR}/${FMK_NAME}\" \"${SIMULATOR_DIR}/${FMK_NAME}\" -output \"${INSTALL_DIR}/${FMK_NAME}\"\n\nrm -r \"${WRK_DIR}\"\n\nopen \"${INSTALL_DIR}\"\n\n";
		};
/* End PBXShellScriptBuildPhase section */

/* Begin PBXSourcesBuildPhase section */
		1ACF733A1FF0FFBE003FB42A /* Sources */ = {
			isa = PBXSourcesBuildPhase;
			buildActionMask = 2147483647;
			files = (
				1ACF74241FF377F8003FB42A /* KKJSHttp.m in Sources */,
				1ACF734D1FF0FFDB003FB42A /* KKHttp.m in Sources */,
			);
			runOnlyForDeploymentPostprocessing = 0;
		};
/* End PBXSourcesBuildPhase section */

/* Begin PBXTargetDependency section */
		1ACF73551FF100D6003FB42A /* PBXTargetDependency */ = {
			isa = PBXTargetDependency;
			target = 1ACF733E1FF0FFBE003FB42A /* KKHttp */;
			targetProxy = 1ACF73541FF100D6003FB42A /* PBXContainerItemProxy */;
		};
/* End PBXTargetDependency section */

/* Begin XCBuildConfiguration section */
		1ACF73451FF0FFBE003FB42A /* Debug */ = {
			isa = XCBuildConfiguration;
			buildSettings = {
				ALWAYS_SEARCH_USER_PATHS = NO;
				CLANG_ANALYZER_NONNULL = YES;
				CLANG_ANALYZER_NUMBER_OBJECT_CONVERSION = YES_AGGRESSIVE;
				CLANG_CXX_LANGUAGE_STANDARD = "gnu++14";
				CLANG_CXX_LIBRARY = "libc++";
				CLANG_ENABLE_MODULES = YES;
				CLANG_ENABLE_OBJC_ARC = YES;
				CLANG_WARN_BLOCK_CAPTURE_AUTORELEASING = YES;
				CLANG_WARN_BOOL_CONVERSION = YES;
				CLANG_WARN_COMMA = YES;
				CLANG_WARN_CONSTANT_CONVERSION = YES;
				CLANG_WARN_DIRECT_OBJC_ISA_USAGE = YES_ERROR;
				CLANG_WARN_DOCUMENTATION_COMMENTS = YES;
				CLANG_WARN_EMPTY_BODY = YES;
				CLANG_WARN_ENUM_CONVERSION = YES;
				CLANG_WARN_INFINITE_RECURSION = YES;
				CLANG_WARN_INT_CONVERSION = YES;
				CLANG_WARN_NON_LITERAL_NULL_CONVERSION = YES;
				CLANG_WARN_OBJC_LITERAL_CONVERSION = YES;
				CLANG_WARN_OBJC_ROOT_CLASS = YES_ERROR;
				CLANG_WARN_RANGE_LOOP_ANALYSIS = YES;
				CLANG_WARN_STRICT_PROTOTYPES = YES;
				CLANG_WARN_SUSPICIOUS_MOVE = YES;
				CLANG_WARN_UNGUARDED_AVAILABILITY = YES_AGGRESSIVE;
				CLANG_WARN_UNREACHABLE_CODE = YES;
				CLANG_WARN__DUPLICATE_METHOD_MATCH = YES;
				CODE_SIGN_IDENTITY = "iPhone Developer";
				COPY_PHASE_STRIP = NO;
				CURRENT_PROJECT_VERSION = 1;
				DEBUG_INFORMATION_FORMAT = dwarf;
				ENABLE_STRICT_OBJC_MSGSEND = YES;
				ENABLE_TESTABILITY = YES;
				GCC_C_LANGUAGE_STANDARD = gnu11;
				GCC_DYNAMIC_NO_PIC = NO;
				GCC_NO_COMMON_BLOCKS = YES;
				GCC_OPTIMIZATION_LEVEL = 0;
				GCC_PREPROCESSOR_DEFINITIONS = (
					"DEBUG=1",
					"$(inherited)",
				);
				GCC_WARN_64_TO_32_BIT_CONVERSION = YES;
				GCC_WARN_ABOUT_RETURN_TYPE = YES_ERROR;
				GCC_WARN_UNDECLARED_SELECTOR = YES;
				GCC_WARN_UNINITIALIZED_AUTOS = YES_AGGRESSIVE;
				GCC_WARN_UNUSED_FUNCTION = YES;
				GCC_WARN_UNUSED_VARIABLE = YES;
				IPHONEOS_DEPLOYMENT_TARGET = 11.2;
				MTL_ENABLE_DEBUG_INFO = YES;
				ONLY_ACTIVE_ARCH = YES;
				SDKROOT = iphoneos;
				VERSIONING_SYSTEM = "apple-generic";
				VERSION_INFO_PREFIX = "";
			};
			name = Debug;
		};
		1ACF73461FF0FFBE003FB42A /* Release */ = {
			isa = XCBuildConfiguration;
			buildSettings = {
				ALWAYS_SEARCH_USER_PATHS = NO;
				CLANG_ANALYZER_NONNULL = YES;
				CLANG_ANALYZER_NUMBER_OBJECT_CONVERSION = YES_AGGRESSIVE;
				CLANG_CXX_LANGUAGE_STANDARD = "gnu++14";
				CLANG_CXX_LIBRARY = "libc++";
				CLANG_ENABLE_MODULES = YES;
				CLANG_ENABLE_OBJC_ARC = YES;
				CLANG_WARN_BLOCK_CAPTURE_AUTORELEASING = YES;
				CLANG_WARN_BOOL_CONVERSION = YES;
				CLANG_WARN_COMMA = YES;
				CLANG_WARN_CONSTANT_CONVERSION = YES;
				CLANG_WARN_DIRECT_OBJC_ISA_USAGE = YES_ERROR;
				CLANG_WARN_DOCUMENTATION_COMMENTS = YES;
				CLANG_WARN_EMPTY_BODY = YES;
				CLANG_WARN_ENUM_CONVERSION = YES;
				CLANG_WARN_INFINITE_RECURSION = YES;
				CLANG_WARN_INT_CONVERSION = YES;
				CLANG_WARN_NON_LITERAL_NULL_CONVERSION = YES;
				CLANG_WARN_OBJC_LITERAL_CONVERSION = YES;
				CLANG_WARN_OBJC_ROOT_CLASS = YES_ERROR;
				CLANG_WARN_RANGE_LOOP_ANALYSIS = YES;
				CLANG_WARN_STRICT_PROTOTYPES = YES;
				CLANG_WARN_SUSPICIOUS_MOVE = YES;
				CLANG_WARN_UNGUARDED_AVAILABILITY = YES_AGGRESSIVE;
				CLANG_WARN_UNREACHABLE_CODE = YES;
				CLANG_WARN__DUPLICATE_METHOD_MATCH = YES;
				CODE_SIGN_IDENTITY = "iPhone Developer";
				COPY_PHASE_STRIP = NO;
				CURRENT_PROJECT_VERSION = 1;
				DEBUG_INFORMATION_FORMAT = "dwarf-with-dsym";
				ENABLE_NS_ASSERTIONS = NO;
				ENABLE_STRICT_OBJC_MSGSEND = YES;
				GCC_C_LANGUAGE_STANDARD = gnu11;
				GCC_NO_COMMON_BLOCKS = YES;
				GCC_WARN_64_TO_32_BIT_CONVERSION = YES;
				GCC_WARN_ABOUT_RETURN_TYPE = YES_ERROR;
				GCC_WARN_UNDECLARED_SELECTOR = YES;
				GCC_WARN_UNINITIALIZED_AUTOS = YES_AGGRESSIVE;
				GCC_WARN_UNUSED_FUNCTION = YES;
				GCC_WARN_UNUSED_VARIABLE = YES;
				IPHONEOS_DEPLOYMENT_TARGET = 11.2;
				MTL_ENABLE_DEBUG_INFO = NO;
				SDKROOT = iphoneos;
				VALIDATE_PRODUCT = YES;
				VERSIONING_SYSTEM = "apple-generic";
				VERSION_INFO_PREFIX = "";
			};
			name = Release;
		};
		1ACF73481FF0FFBE003FB42A /* Debug */ = {
			isa = XCBuildConfiguration;
			buildSettings = {
				CODE_SIGN_IDENTITY = "";
				CODE_SIGN_STYLE = Automatic;
				COPY_PHASE_STRIP = YES;
				DEAD_CODE_STRIPPING = NO;
				DEBUG_INFORMATION_FORMAT = "dwarf-with-dsym";
				DEFINES_MODULE = YES;
				ENABLE_BITCODE = NO;
				INFOPLIST_FILE = KKHttp/Info.plist;
				INSTALL_PATH = "$(LOCAL_LIBRARY_DIR)/Frameworks";
				IPHONEOS_DEPLOYMENT_TARGET = 8.0;
				LINK_WITH_STANDARD_LIBRARIES = NO;
				MACH_O_TYPE = staticlib;
				ONLY_ACTIVE_ARCH = NO;
				PRODUCT_BUNDLE_IDENTIFIER = cn.mofang.KKHttp;
				PRODUCT_NAME = "$(TARGET_NAME:c99extidentifier)";
				SKIP_INSTALL = YES;
				TARGETED_DEVICE_FAMILY = "1,2";
			};
			name = Debug;
		};
		1ACF73491FF0FFBE003FB42A /* Release */ = {
			isa = XCBuildConfiguration;
			buildSettings = {
				CODE_SIGN_IDENTITY = "";
				CODE_SIGN_STYLE = Automatic;
				COPY_PHASE_STRIP = YES;
				DEAD_CODE_STRIPPING = NO;
				DEFINES_MODULE = YES;
				ENABLE_BITCODE = NO;
				INFOPLIST_FILE = KKHttp/Info.plist;
				INSTALL_PATH = "$(LOCAL_LIBRARY_DIR)/Frameworks";
				IPHONEOS_DEPLOYMENT_TARGET = 8.0;
				LINK_WITH_STANDARD_LIBRARIES = NO;
				MACH_O_TYPE = staticlib;
				ONLY_ACTIVE_ARCH = NO;
				PRODUCT_BUNDLE_IDENTIFIER = cn.mofang.KKHttp;
				PRODUCT_NAME = "$(TARGET_NAME:c99extidentifier)";
				SKIP_INSTALL = YES;
				TARGETED_DEVICE_FAMILY = "1,2";
			};
			name = Release;
		};
		1ACF73521FF100D0003FB42A /* Debug */ = {
			isa = XCBuildConfiguration;
			buildSettings = {
				CODE_SIGN_STYLE = Automatic;
				PRODUCT_NAME = "$(TARGET_NAME)";
			};
			name = Debug;
		};
		1ACF73531FF100D0003FB42A /* Release */ = {
			isa = XCBuildConfiguration;
			buildSettings = {
				CODE_SIGN_STYLE = Automatic;
				PRODUCT_NAME = "$(TARGET_NAME)";
			};
			name = Release;
		};
/* End XCBuildConfiguration section */

/* Begin XCConfigurationList section */
		1ACF73391FF0FFBE003FB42A /* Build configuration list for PBXProject "KKHttp" */ = {
			isa = XCConfigurationList;
			buildConfigurations = (
				1ACF73451FF0FFBE003FB42A /* Debug */,
				1ACF73461FF0FFBE003FB42A /* Release */,
			);
			defaultConfigurationIsVisible = 0;
			defaultConfigurationName = Release;
		};
		1ACF73471FF0FFBE003FB42A /* Build configuration list for PBXNativeTarget "KKHttp" */ = {
			isa = XCConfigurationList;
			buildConfigurations = (
				1ACF73481FF0FFBE003FB42A /* Debug */,
				1ACF73491FF0FFBE003FB42A /* Release */,
			);
			defaultConfigurationIsVisible = 0;
			defaultConfigurationName = Release;
		};
		1ACF73511FF100D0003FB42A /* Build configuration list for PBXAggregateTarget "KKHttp.framework" */ = {
			isa = XCConfigurationList;
			buildConfigurations = (
				1ACF73521FF100D0003FB42A /* Debug */,
				1ACF73531FF100D0003FB42A /* Release */,
			);
			defaultConfigurationIsVisible = 0;
			defaultConfigurationName = Release;
		};
/* End XCConfigurationList section */
	};
	rootObject = 1ACF73361FF0FFBE003FB42A /* Project object */;
}
